// !$*UTF8*$!
{
	archiveVersion = 1;
	classes = {
	};
	objectVersion = 47;
	objects = {

/* Begin PBXBuildFile section */
		1A07A48B1BABBBE400E2AD4D /* MBProgressHUD.m in Sources */ = {isa = PBXBuildFile; fileRef = 1A07A48A1BABBBE400E2AD4D /* MBProgressHUD.m */; settings = {ASSET_TAGS = (); }; };
		1A07A4EE1BAC5A1E00E2AD4D /* RAMBounceAnimation.swift in Sources */ = {isa = PBXBuildFile; fileRef = 1A07A4E31BAC5A1E00E2AD4D /* RAMBounceAnimation.swift */; settings = {ASSET_TAGS = (); }; };
		1A07A4EF1BAC5A1E00E2AD4D /* RAMFrameItemAnimation.swift in Sources */ = {isa = PBXBuildFile; fileRef = 1A07A4E51BAC5A1E00E2AD4D /* RAMFrameItemAnimation.swift */; settings = {ASSET_TAGS = (); }; };
		1A07A4F01BAC5A1E00E2AD4D /* RAMFumeAnimation.swift in Sources */ = {isa = PBXBuildFile; fileRef = 1A07A4E71BAC5A1E00E2AD4D /* RAMFumeAnimation.swift */; settings = {ASSET_TAGS = (); }; };
		1A07A4F11BAC5A1E00E2AD4D /* RAMRotationAnimation.swift in Sources */ = {isa = PBXBuildFile; fileRef = 1A07A4E91BAC5A1E00E2AD4D /* RAMRotationAnimation.swift */; settings = {ASSET_TAGS = (); }; };
		1A07A4F21BAC5A1E00E2AD4D /* RAMTransitionItemAnimation.swift in Sources */ = {isa = PBXBuildFile; fileRef = 1A07A4EB1BAC5A1E00E2AD4D /* RAMTransitionItemAnimation.swift */; settings = {ASSET_TAGS = (); }; };
		1A07A4F31BAC5A1E00E2AD4D /* RAMAnimatedTabBarController.swift in Sources */ = {isa = PBXBuildFile; fileRef = 1A07A4EC1BAC5A1E00E2AD4D /* RAMAnimatedTabBarController.swift */; settings = {ASSET_TAGS = (); }; };
		1A07A4F41BAC5A1E00E2AD4D /* RAMItemAnimationProtocol.swift in Sources */ = {isa = PBXBuildFile; fileRef = 1A07A4ED1BAC5A1E00E2AD4D /* RAMItemAnimationProtocol.swift */; settings = {ASSET_TAGS = (); }; };
		1A07D2771B59A51000A80B12 /* back.png in Resources */ = {isa = PBXBuildFile; fileRef = 1A07D2761B59A51000A80B12 /* back.png */; };
		1A07D2791B59B6EA00A80B12 /* save.png in Resources */ = {isa = PBXBuildFile; fileRef = 1A07D2781B59B6EA00A80B12 /* save.png */; };
		1A07D27D1B59F3B100A80B12 /* UIScrollView+EmptyDataSet.m in Sources */ = {isa = PBXBuildFile; fileRef = 1A07D27C1B59F3B100A80B12 /* UIScrollView+EmptyDataSet.m */; };
		1A07D2871B5A113300A80B12 /* timer.png in Resources */ = {isa = PBXBuildFile; fileRef = 1A07D2861B5A113300A80B12 /* timer.png */; };
		1A17C44D1BACF9D200D337F4 /* user2.png in Resources */ = {isa = PBXBuildFile; fileRef = 1A17C44C1BACF9D200D337F4 /* user2.png */; settings = {ASSET_TAGS = (); }; };
		1A17C4511BACFD1F00D337F4 /* checkfilled.png in Resources */ = {isa = PBXBuildFile; fileRef = 1A17C4501BACFD1F00D337F4 /* checkfilled.png */; settings = {ASSET_TAGS = (); }; };
		1A17C4531BACFE3600D337F4 /* listfilled.png in Resources */ = {isa = PBXBuildFile; fileRef = 1A17C4521BACFE3600D337F4 /* listfilled.png */; settings = {ASSET_TAGS = (); }; };
		1A310C991B5F413400C917C5 /* launch.xib in Resources */ = {isa = PBXBuildFile; fileRef = 1A310C981B5F413400C917C5 /* launch.xib */; };
		1A38C5CE1B49F27F00EB3B5F /* PSAnalogClockView.m in Sources */ = {isa = PBXBuildFile; fileRef = 1A38C5C81B49F27F00EB3B5F /* PSAnalogClockView.m */; };
		1A4155AE1B47774800F33DDE /* Images.xcassets in Resources */ = {isa = PBXBuildFile; fileRef = 1A4155AD1B47774800F33DDE /* Images.xcassets */; };
		1A45B26C1B4ACD8200196E3C /* LifeViewController.m in Sources */ = {isa = PBXBuildFile; fileRef = 1A45B26B1B4ACD8200196E3C /* LifeViewController.m */; };
		1A477E5F1B53EE3800D2D6BD /* cancel.png in Resources */ = {isa = PBXBuildFile; fileRef = 1A477E5E1B53EE3800D2D6BD /* cancel.png */; };
		1A6AED481BAE419F006BEAA8 /* edit.png in Resources */ = {isa = PBXBuildFile; fileRef = 1A6AED471BAE419F006BEAA8 /* edit.png */; settings = {ASSET_TAGS = (); }; };
		1A6AED4A1BAE42F4006BEAA8 /* cal.png in Resources */ = {isa = PBXBuildFile; fileRef = 1A6AED491BAE42F4006BEAA8 /* cal.png */; settings = {ASSET_TAGS = (); }; };
		1A8DE6041B5A80BE0031E6D0 /* days.png in Resources */ = {isa = PBXBuildFile; fileRef = 1A8DE6031B5A80BE0031E6D0 /* days.png */; };
		1A8DE6061B5A964F0031E6D0 /* undo.png in Resources */ = {isa = PBXBuildFile; fileRef = 1A8DE6051B5A964F0031E6D0 /* undo.png */; };
		1A8DE6091B5ADEE80031E6D0 /* PhotoViewController2.m in Sources */ = {isa = PBXBuildFile; fileRef = 1A8DE6081B5ADEE80031E6D0 /* PhotoViewController2.m */; };
		1A8DE60B1B5AEDAA0031E6D0 /* todo.png in Resources */ = {isa = PBXBuildFile; fileRef = 1A8DE60A1B5AEDAA0031E6D0 /* todo.png */; };
		1A8DE60E1B5AF1CF0031E6D0 /* tabbarViewController.m in Sources */ = {isa = PBXBuildFile; fileRef = 1A8DE60D1B5AF1CF0031E6D0 /* tabbarViewController.m */; };
		1A8DE6101B5AF7330031E6D0 /* list.png in Resources */ = {isa = PBXBuildFile; fileRef = 1A8DE60F1B5AF7330031E6D0 /* list.png */; };
		1A8DE6121B5B02960031E6D0 /* delete.png in Resources */ = {isa = PBXBuildFile; fileRef = 1A8DE6111B5B02960031E6D0 /* delete.png */; };
		1A97B04C1B51C9C3006FC7C7 /* ListEntries.m in Sources */ = {isa = PBXBuildFile; fileRef = 1A97B04B1B51C9C3006FC7C7 /* ListEntries.m */; };
		1A97B04F1B51CC38006FC7C7 /* ListEntry.m in Sources */ = {isa = PBXBuildFile; fileRef = 1A97B04E1B51CC38006FC7C7 /* ListEntry.m */; };
		1AB3BDEA1B4F7C99007279FE /* user.png in Resources */ = {isa = PBXBuildFile; fileRef = 1AB3BDE91B4F7C99007279FE /* user.png */; };
		1ABB66DD1B4E354C000DEFEA /* QuartzCore.framework in Frameworks */ = {isa = PBXBuildFile; fileRef = 1ABB66DC1B4E354C000DEFEA /* QuartzCore.framework */; };
		1AD5C4A11B55CB1D008490E5 /* SSFlatDatePicker.m in Sources */ = {isa = PBXBuildFile; fileRef = 1AD5C4A01B55CB1D008490E5 /* SSFlatDatePicker.m */; };
		1AD8B3A11B50C9DC003D0E47 /* DetailViewController.m in Sources */ = {isa = PBXBuildFile; fileRef = 1AD8B3A01B50C9DC003D0E47 /* DetailViewController.m */; };
		1AD8B3A71B50D3A9003D0E47 /* clock_second_hand.png in Resources */ = {isa = PBXBuildFile; fileRef = 1AD8B3A21B50D3A9003D0E47 /* clock_second_hand.png */; };
		1AD8B3A81B50D3A9003D0E47 /* clock_minute_hand.png in Resources */ = {isa = PBXBuildFile; fileRef = 1AD8B3A31B50D3A9003D0E47 /* clock_minute_hand.png */; };
		1AD8B3A91B50D3A9003D0E47 /* clock_hour_hand.png in Resources */ = {isa = PBXBuildFile; fileRef = 1AD8B3A41B50D3A9003D0E47 /* clock_hour_hand.png */; };
		1AD8B3AA1B50D3A9003D0E47 /* clock_face.png in Resources */ = {isa = PBXBuildFile; fileRef = 1AD8B3A51B50D3A9003D0E47 /* clock_face.png */; };
		1AD8B3AB1B50D3A9003D0E47 /* clock_centre_point.png in Resources */ = {isa = PBXBuildFile; fileRef = 1AD8B3A61B50D3A9003D0E47 /* clock_centre_point.png */; };
		1ADB9BC81B461A17008C96E5 /* din-light.ttf in Resources */ = {isa = PBXBuildFile; fileRef = 1ADB9BC61B461A0B008C96E5 /* din-light.ttf */; };
		1ADB9BC91B461A17008C96E5 /* DIN.ttf in Resources */ = {isa = PBXBuildFile; fileRef = 1ADB9BC71B461A0B008C96E5 /* DIN.ttf */; };
		1ADB9BDE1B461DC3008C96E5 /* menu.png in Resources */ = {isa = PBXBuildFile; fileRef = 1ADB9BD31B461DC3008C96E5 /* menu.png */; };
		1ADB9BDF1B461DC3008C96E5 /* menu@2x.png in Resources */ = {isa = PBXBuildFile; fileRef = 1ADB9BD41B461DC3008C96E5 /* menu@2x.png */; };
		1ADB9BE81B461DDF008C96E5 /* SWRevealViewController.m in Sources */ = {isa = PBXBuildFile; fileRef = 1ADB9BE71B461DDF008C96E5 /* SWRevealViewController.m */; };
		1AE0AECC1B65DC4B0011AEAA /* Bolts.framework in Frameworks */ = {isa = PBXBuildFile; fileRef = 1AE0AEC61B65DC4B0011AEAA /* Bolts.framework */; };
		1AE0AECD1B65DC4B0011AEAA /* Parse.framework in Frameworks */ = {isa = PBXBuildFile; fileRef = 1AE0AEC71B65DC4B0011AEAA /* Parse.framework */; };
		1AE0AECE1B65DC4B0011AEAA /* ParseCrashReporting.framework in Frameworks */ = {isa = PBXBuildFile; fileRef = 1AE0AEC81B65DC4B0011AEAA /* ParseCrashReporting.framework */; };
		1AE0AECF1B65DC4B0011AEAA /* ParseFacebookUtils.framework in Frameworks */ = {isa = PBXBuildFile; fileRef = 1AE0AEC91B65DC4B0011AEAA /* ParseFacebookUtils.framework */; };
		1AE0AED01B65DC4B0011AEAA /* ParseFacebookUtilsV4.framework in Frameworks */ = {isa = PBXBuildFile; fileRef = 1AE0AECA1B65DC4B0011AEAA /* ParseFacebookUtilsV4.framework */; };
		1AE0AED11B65DC4B0011AEAA /* ParseUI.framework in Frameworks */ = {isa = PBXBuildFile; fileRef = 1AE0AECB1B65DC4B0011AEAA /* ParseUI.framework */; };
		1AE0AED31B65DD250011AEAA /* AudioToolbox.framework in Frameworks */ = {isa = PBXBuildFile; fileRef = 1AE0AED21B65DD250011AEAA /* AudioToolbox.framework */; };
		1AE0AED51B65DD390011AEAA /* CFNetwork.framework in Frameworks */ = {isa = PBXBuildFile; fileRef = 1AE0AED41B65DD390011AEAA /* CFNetwork.framework */; };
		1AE0AED71B65DD4C0011AEAA /* CoreLocation.framework in Frameworks */ = {isa = PBXBuildFile; fileRef = 1AE0AED61B65DD4C0011AEAA /* CoreLocation.framework */; };
		1AE0AED91B65DD590011AEAA /* Security.framework in Frameworks */ = {isa = PBXBuildFile; fileRef = 1AE0AED81B65DD590011AEAA /* Security.framework */; };
		1AE0AEDB1B65DD620011AEAA /* StoreKit.framework in Frameworks */ = {isa = PBXBuildFile; fileRef = 1AE0AEDA1B65DD620011AEAA /* StoreKit.framework */; };
		1AE0AEDD1B65DD6E0011AEAA /* SystemConfiguration.framework in Frameworks */ = {isa = PBXBuildFile; fileRef = 1AE0AEDC1B65DD6E0011AEAA /* SystemConfiguration.framework */; };
		1AE0AEE11B65DE3D0011AEAA /* libz.1.dylib in Frameworks */ = {isa = PBXBuildFile; fileRef = 1AE0AEE01B65DE3D0011AEAA /* libz.1.dylib */; };
		1AE0AEE31B65DE660011AEAA /* libsqlite3.tbd in Frameworks */ = {isa = PBXBuildFile; fileRef = 1AE0AEE21B65DE660011AEAA /* libsqlite3.tbd */; };
		1AE841A81B54C34D004BBE03 /* UITextView+Placeholder.m in Sources */ = {isa = PBXBuildFile; fileRef = 1AE841A71B54C34D004BBE03 /* UITextView+Placeholder.m */; };
		1AF48CE51B4629A8005A158A /* Main.storyboard in Resources */ = {isa = PBXBuildFile; fileRef = 1AF48CE41B4629A8005A158A /* Main.storyboard */; };
		1AF48CF01B462AB0005A158A /* MainViewController.m in Sources */ = {isa = PBXBuildFile; fileRef = 1AF48CE91B462AB0005A158A /* MainViewController.m */; };
		1AF48CF21B462AB0005A158A /* PhotoViewController.m in Sources */ = {isa = PBXBuildFile; fileRef = 1AF48CED1B462AB0005A158A /* PhotoViewController.m */; };
		1AF9D1F61B5228EA00509C2D /* ResetViewController.m in Sources */ = {isa = PBXBuildFile; fileRef = 1AF9D1F51B5228EA00509C2D /* ResetViewController.m */; };
		1AFAD78F1BAD99550097090F /* Hourglass.png in Resources */ = {isa = PBXBuildFile; fileRef = 1AFAD78E1BAD99550097090F /* Hourglass.png */; settings = {ASSET_TAGS = (); }; };
		1AFAD7941BAE073A0097090F /* DaysViewController.m in Sources */ = {isa = PBXBuildFile; fileRef = 1AFAD7931BAE073A0097090F /* DaysViewController.m */; settings = {ASSET_TAGS = (); }; };
		1AFD53271B575F8600D4D7FF /* check.png in Resources */ = {isa = PBXBuildFile; fileRef = 1AFD53261B575F8600D4D7FF /* check.png */; };
		6B2C835B1751107700BC04FB /* UIKit.framework in Frameworks */ = {isa = PBXBuildFile; fileRef = 6B2C835A1751107700BC04FB /* UIKit.framework */; };
		6B2C835D1751107700BC04FB /* Foundation.framework in Frameworks */ = {isa = PBXBuildFile; fileRef = 6B2C835C1751107700BC04FB /* Foundation.framework */; };
		6B2C835F1751107700BC04FB /* CoreGraphics.framework in Frameworks */ = {isa = PBXBuildFile; fileRef = 6B2C835E1751107700BC04FB /* CoreGraphics.framework */; };
		6B2C83651751107700BC04FB /* InfoPlist.strings in Resources */ = {isa = PBXBuildFile; fileRef = 6B2C83631751107700BC04FB /* InfoPlist.strings */; };
		6B2C83671751107700BC04FB /* main.m in Sources */ = {isa = PBXBuildFile; fileRef = 6B2C83661751107700BC04FB /* main.m */; };
		6B2C836B1751107700BC04FB /* AppDelegate.m in Sources */ = {isa = PBXBuildFile; fileRef = 6B2C836A1751107700BC04FB /* AppDelegate.m */; };
		6B2C836D1751107700BC04FB /* Default.png in Resources */ = {isa = PBXBuildFile; fileRef = 6B2C836C1751107700BC04FB /* Default.png */; };
		6B2C836F1751107700BC04FB /* Default@2x.png in Resources */ = {isa = PBXBuildFile; fileRef = 6B2C836E1751107700BC04FB /* Default@2x.png */; };
		6B2C83711751107700BC04FB /* Default-568h@2x.png in Resources */ = {isa = PBXBuildFile; fileRef = 6B2C83701751107700BC04FB /* Default-568h@2x.png */; };
		6B2C83741751107700BC04FB /* ViewController.m in Sources */ = {isa = PBXBuildFile; fileRef = 6B2C83731751107700BC04FB /* ViewController.m */; };
		6BB019971751257B00643F6D /* FlatDatePicker-Icon-Close.png in Resources */ = {isa = PBXBuildFile; fileRef = 6BB019931751257B00643F6D /* FlatDatePicker-Icon-Close.png */; };
		6BB019981751257B00643F6D /* FlatDatePicker-Icon-Check.png in Resources */ = {isa = PBXBuildFile; fileRef = 6BB019941751257B00643F6D /* FlatDatePicker-Icon-Check.png */; };
		6BB019991751257B00643F6D /* FlatDatePicker-Icon-Check@2x.png in Resources */ = {isa = PBXBuildFile; fileRef = 6BB019951751257B00643F6D /* FlatDatePicker-Icon-Check@2x.png */; };
		6BB0199A1751257B00643F6D /* FlatDatePicker-Icon-Close@2x.png in Resources */ = {isa = PBXBuildFile; fileRef = 6BB019961751257B00643F6D /* FlatDatePicker-Icon-Close@2x.png */; };
/* End PBXBuildFile section */

/* Begin PBXFileReference section */
		1A07A4891BABBBE400E2AD4D /* MBProgressHUD.h */ = {isa = PBXFileReference; fileEncoding = 4; lastKnownFileType = sourcecode.c.h; path = MBProgressHUD.h; sourceTree = "<group>"; };
		1A07A48A1BABBBE400E2AD4D /* MBProgressHUD.m */ = {isa = PBXFileReference; fileEncoding = 4; lastKnownFileType = sourcecode.c.objc; path = MBProgressHUD.m; sourceTree = "<group>"; };
		1A07A4E31BAC5A1E00E2AD4D /* RAMBounceAnimation.swift */ = {isa = PBXFileReference; fileEncoding = 4; lastKnownFileType = sourcecode.swift; path = RAMBounceAnimation.swift; sourceTree = "<group>"; };
		1A07A4E51BAC5A1E00E2AD4D /* RAMFrameItemAnimation.swift */ = {isa = PBXFileReference; fileEncoding = 4; lastKnownFileType = sourcecode.swift; path = RAMFrameItemAnimation.swift; sourceTree = "<group>"; };
		1A07A4E71BAC5A1E00E2AD4D /* RAMFumeAnimation.swift */ = {isa = PBXFileReference; fileEncoding = 4; lastKnownFileType = sourcecode.swift; path = RAMFumeAnimation.swift; sourceTree = "<group>"; };
		1A07A4E91BAC5A1E00E2AD4D /* RAMRotationAnimation.swift */ = {isa = PBXFileReference; fileEncoding = 4; lastKnownFileType = sourcecode.swift; path = RAMRotationAnimation.swift; sourceTree = "<group>"; };
		1A07A4EB1BAC5A1E00E2AD4D /* RAMTransitionItemAnimation.swift */ = {isa = PBXFileReference; fileEncoding = 4; lastKnownFileType = sourcecode.swift; path = RAMTransitionItemAnimation.swift; sourceTree = "<group>"; };
		1A07A4EC1BAC5A1E00E2AD4D /* RAMAnimatedTabBarController.swift */ = {isa = PBXFileReference; fileEncoding = 4; lastKnownFileType = sourcecode.swift; path = RAMAnimatedTabBarController.swift; sourceTree = "<group>"; };
		1A07A4ED1BAC5A1E00E2AD4D /* RAMItemAnimationProtocol.swift */ = {isa = PBXFileReference; fileEncoding = 4; lastKnownFileType = sourcecode.swift; path = RAMItemAnimationProtocol.swift; sourceTree = "<group>"; };
		1A07D2761B59A51000A80B12 /* back.png */ = {isa = PBXFileReference; lastKnownFileType = image.png; path = back.png; sourceTree = "<group>"; };
		1A07D2781B59B6EA00A80B12 /* save.png */ = {isa = PBXFileReference; lastKnownFileType = image.png; path = save.png; sourceTree = "<group>"; };
		1A07D27B1B59F3B100A80B12 /* UIScrollView+EmptyDataSet.h */ = {isa = PBXFileReference; fileEncoding = 4; lastKnownFileType = sourcecode.c.h; path = "UIScrollView+EmptyDataSet.h"; sourceTree = "<group>"; };
		1A07D27C1B59F3B100A80B12 /* UIScrollView+EmptyDataSet.m */ = {isa = PBXFileReference; fileEncoding = 4; lastKnownFileType = sourcecode.c.objc; path = "UIScrollView+EmptyDataSet.m"; sourceTree = "<group>"; };
		1A07D2861B5A113300A80B12 /* timer.png */ = {isa = PBXFileReference; lastKnownFileType = image.png; path = timer.png; sourceTree = "<group>"; };
		1A17C44C1BACF9D200D337F4 /* user2.png */ = {isa = PBXFileReference; lastKnownFileType = image.png; path = user2.png; sourceTree = "<group>"; };
		1A17C4501BACFD1F00D337F4 /* checkfilled.png */ = {isa = PBXFileReference; lastKnownFileType = image.png; path = checkfilled.png; sourceTree = "<group>"; };
		1A17C4521BACFE3600D337F4 /* listfilled.png */ = {isa = PBXFileReference; lastKnownFileType = image.png; path = listfilled.png; sourceTree = "<group>"; };
		1A310C981B5F413400C917C5 /* launch.xib */ = {isa = PBXFileReference; fileEncoding = 4; lastKnownFileType = file.xib; name = launch.xib; path = ../launch.xib; sourceTree = "<group>"; };
		1A38C5C71B49F27F00EB3B5F /* PSAnalogClockView.h */ = {isa = PBXFileReference; fileEncoding = 4; lastKnownFileType = sourcecode.c.h; path = PSAnalogClockView.h; sourceTree = "<group>"; };
		1A38C5C81B49F27F00EB3B5F /* PSAnalogClockView.m */ = {isa = PBXFileReference; fileEncoding = 4; lastKnownFileType = sourcecode.c.objc; path = PSAnalogClockView.m; sourceTree = "<group>"; };
		1A4155AD1B47774800F33DDE /* Images.xcassets */ = {isa = PBXFileReference; lastKnownFileType = folder.assetcatalog; path = Images.xcassets; sourceTree = "<group>"; };
		1A45B26A1B4ACD8200196E3C /* LifeViewController.h */ = {isa = PBXFileReference; fileEncoding = 4; lastKnownFileType = sourcecode.c.h; path = LifeViewController.h; sourceTree = "<group>"; };
		1A45B26B1B4ACD8200196E3C /* LifeViewController.m */ = {isa = PBXFileReference; fileEncoding = 4; lastKnownFileType = sourcecode.c.objc; path = LifeViewController.m; sourceTree = "<group>"; };
		1A477E5E1B53EE3800D2D6BD /* cancel.png */ = {isa = PBXFileReference; lastKnownFileType = image.png; path = cancel.png; sourceTree = "<group>"; };
		1A6AED471BAE419F006BEAA8 /* edit.png */ = {isa = PBXFileReference; lastKnownFileType = image.png; path = edit.png; sourceTree = "<group>"; };
		1A6AED491BAE42F4006BEAA8 /* cal.png */ = {isa = PBXFileReference; lastKnownFileType = image.png; path = cal.png; sourceTree = "<group>"; };
		1A8DE6031B5A80BE0031E6D0 /* days.png */ = {isa = PBXFileReference; lastKnownFileType = image.png; path = days.png; sourceTree = "<group>"; };
		1A8DE6051B5A964F0031E6D0 /* undo.png */ = {isa = PBXFileReference; lastKnownFileType = image.png; path = undo.png; sourceTree = "<group>"; };
		1A8DE6071B5ADEE80031E6D0 /* PhotoViewController2.h */ = {isa = PBXFileReference; fileEncoding = 4; lastKnownFileType = sourcecode.c.h; path = PhotoViewController2.h; sourceTree = "<group>"; };
		1A8DE6081B5ADEE80031E6D0 /* PhotoViewController2.m */ = {isa = PBXFileReference; fileEncoding = 4; lastKnownFileType = sourcecode.c.objc; path = PhotoViewController2.m; sourceTree = "<group>"; };
		1A8DE60A1B5AEDAA0031E6D0 /* todo.png */ = {isa = PBXFileReference; lastKnownFileType = image.png; path = todo.png; sourceTree = "<group>"; };
		1A8DE60C1B5AF1CF0031E6D0 /* tabbarViewController.h */ = {isa = PBXFileReference; fileEncoding = 4; lastKnownFileType = sourcecode.c.h; path = tabbarViewController.h; sourceTree = "<group>"; };
		1A8DE60D1B5AF1CF0031E6D0 /* tabbarViewController.m */ = {isa = PBXFileReference; fileEncoding = 4; lastKnownFileType = sourcecode.c.objc; path = tabbarViewController.m; sourceTree = "<group>"; };
		1A8DE60F1B5AF7330031E6D0 /* list.png */ = {isa = PBXFileReference; lastKnownFileType = image.png; path = list.png; sourceTree = "<group>"; };
		1A8DE6111B5B02960031E6D0 /* delete.png */ = {isa = PBXFileReference; lastKnownFileType = image.png; path = delete.png; sourceTree = "<group>"; };
		1A97B04A1B51C9C3006FC7C7 /* ListEntries.h */ = {isa = PBXFileReference; fileEncoding = 4; lastKnownFileType = sourcecode.c.h; path = ListEntries.h; sourceTree = "<group>"; };
		1A97B04B1B51C9C3006FC7C7 /* ListEntries.m */ = {isa = PBXFileReference; fileEncoding = 4; lastKnownFileType = sourcecode.c.objc; path = ListEntries.m; sourceTree = "<group>"; };
		1A97B04D1B51CC38006FC7C7 /* ListEntry.h */ = {isa = PBXFileReference; fileEncoding = 4; lastKnownFileType = sourcecode.c.h; path = ListEntry.h; sourceTree = "<group>"; };
		1A97B04E1B51CC38006FC7C7 /* ListEntry.m */ = {isa = PBXFileReference; fileEncoding = 4; lastKnownFileType = sourcecode.c.objc; path = ListEntry.m; sourceTree = "<group>"; };
		1AB3BDE91B4F7C99007279FE /* user.png */ = {isa = PBXFileReference; lastKnownFileType = image.png; path = user.png; sourceTree = "<group>"; };
		1ABB66DC1B4E354C000DEFEA /* QuartzCore.framework */ = {isa = PBXFileReference; lastKnownFileType = wrapper.framework; name = QuartzCore.framework; path = System/Library/Frameworks/QuartzCore.framework; sourceTree = SDKROOT; };
		1AD5C49F1B55CB1D008490E5 /* SSFlatDatePicker.h */ = {isa = PBXFileReference; fileEncoding = 4; lastKnownFileType = sourcecode.c.h; path = SSFlatDatePicker.h; sourceTree = "<group>"; };
		1AD5C4A01B55CB1D008490E5 /* SSFlatDatePicker.m */ = {isa = PBXFileReference; fileEncoding = 4; lastKnownFileType = sourcecode.c.objc; path = SSFlatDatePicker.m; sourceTree = "<group>"; };
		1AD8B39F1B50C9DC003D0E47 /* DetailViewController.h */ = {isa = PBXFileReference; fileEncoding = 4; lastKnownFileType = sourcecode.c.h; path = DetailViewController.h; sourceTree = "<group>"; };
		1AD8B3A01B50C9DC003D0E47 /* DetailViewController.m */ = {isa = PBXFileReference; fileEncoding = 4; lastKnownFileType = sourcecode.c.objc; path = DetailViewController.m; sourceTree = "<group>"; };
		1AD8B3A21B50D3A9003D0E47 /* clock_second_hand.png */ = {isa = PBXFileReference; lastKnownFileType = image.png; path = clock_second_hand.png; sourceTree = "<group>"; };
		1AD8B3A31B50D3A9003D0E47 /* clock_minute_hand.png */ = {isa = PBXFileReference; lastKnownFileType = image.png; path = clock_minute_hand.png; sourceTree = "<group>"; };
		1AD8B3A41B50D3A9003D0E47 /* clock_hour_hand.png */ = {isa = PBXFileReference; lastKnownFileType = image.png; path = clock_hour_hand.png; sourceTree = "<group>"; };
		1AD8B3A51B50D3A9003D0E47 /* clock_face.png */ = {isa = PBXFileReference; lastKnownFileType = image.png; path = clock_face.png; sourceTree = "<group>"; };
		1AD8B3A61B50D3A9003D0E47 /* clock_centre_point.png */ = {isa = PBXFileReference; lastKnownFileType = image.png; path = clock_centre_point.png; sourceTree = "<group>"; };
		1ADB9BC41B46194D008C96E5 /* FlatDatePicker-Prefix.pch */ = {isa = PBXFileReference; lastKnownFileType = sourcecode.c.h; path = "FlatDatePicker-Prefix.pch"; sourceTree = "<group>"; };
		1ADB9BC61B461A0B008C96E5 /* din-light.ttf */ = {isa = PBXFileReference; lastKnownFileType = file; path = "din-light.ttf"; sourceTree = "<group>"; };
		1ADB9BC71B461A0B008C96E5 /* DIN.ttf */ = {isa = PBXFileReference; lastKnownFileType = file; path = DIN.ttf; sourceTree = "<group>"; };
		1ADB9BD31B461DC3008C96E5 /* menu.png */ = {isa = PBXFileReference; lastKnownFileType = image.png; path = menu.png; sourceTree = "<group>"; };
		1ADB9BD41B461DC3008C96E5 /* menu@2x.png */ = {isa = PBXFileReference; lastKnownFileType = image.png; path = "menu@2x.png"; sourceTree = "<group>"; };
		1ADB9BE61B461DDF008C96E5 /* SWRevealViewController.h */ = {isa = PBXFileReference; fileEncoding = 4; lastKnownFileType = sourcecode.c.h; path = SWRevealViewController.h; sourceTree = "<group>"; };
		1ADB9BE71B461DDF008C96E5 /* SWRevealViewController.m */ = {isa = PBXFileReference; fileEncoding = 4; lastKnownFileType = sourcecode.c.objc; path = SWRevealViewController.m; sourceTree = "<group>"; };
		1AE0AEC61B65DC4B0011AEAA /* Bolts.framework */ = {isa = PBXFileReference; lastKnownFileType = wrapper.framework; path = Bolts.framework; sourceTree = "<group>"; };
		1AE0AEC71B65DC4B0011AEAA /* Parse.framework */ = {isa = PBXFileReference; lastKnownFileType = wrapper.framework; path = Parse.framework; sourceTree = "<group>"; };
		1AE0AEC81B65DC4B0011AEAA /* ParseCrashReporting.framework */ = {isa = PBXFileReference; lastKnownFileType = wrapper.framework; path = ParseCrashReporting.framework; sourceTree = "<group>"; };
		1AE0AEC91B65DC4B0011AEAA /* ParseFacebookUtils.framework */ = {isa = PBXFileReference; lastKnownFileType = wrapper.framework; path = ParseFacebookUtils.framework; sourceTree = "<group>"; };
		1AE0AECA1B65DC4B0011AEAA /* ParseFacebookUtilsV4.framework */ = {isa = PBXFileReference; lastKnownFileType = wrapper.framework; path = ParseFacebookUtilsV4.framework; sourceTree = "<group>"; };
		1AE0AECB1B65DC4B0011AEAA /* ParseUI.framework */ = {isa = PBXFileReference; lastKnownFileType = wrapper.framework; path = ParseUI.framework; sourceTree = "<group>"; };
		1AE0AED21B65DD250011AEAA /* AudioToolbox.framework */ = {isa = PBXFileReference; lastKnownFileType = wrapper.framework; name = AudioToolbox.framework; path = System/Library/Frameworks/AudioToolbox.framework; sourceTree = SDKROOT; };
		1AE0AED41B65DD390011AEAA /* CFNetwork.framework */ = {isa = PBXFileReference; lastKnownFileType = wrapper.framework; name = CFNetwork.framework; path = System/Library/Frameworks/CFNetwork.framework; sourceTree = SDKROOT; };
		1AE0AED61B65DD4C0011AEAA /* CoreLocation.framework */ = {isa = PBXFileReference; lastKnownFileType = wrapper.framework; name = CoreLocation.framework; path = System/Library/Frameworks/CoreLocation.framework; sourceTree = SDKROOT; };
		1AE0AED81B65DD590011AEAA /* Security.framework */ = {isa = PBXFileReference; lastKnownFileType = wrapper.framework; name = Security.framework; path = System/Library/Frameworks/Security.framework; sourceTree = SDKROOT; };
		1AE0AEDA1B65DD620011AEAA /* StoreKit.framework */ = {isa = PBXFileReference; lastKnownFileType = wrapper.framework; name = StoreKit.framework; path = System/Library/Frameworks/StoreKit.framework; sourceTree = SDKROOT; };
		1AE0AEDC1B65DD6E0011AEAA /* SystemConfiguration.framework */ = {isa = PBXFileReference; lastKnownFileType = wrapper.framework; name = SystemConfiguration.framework; path = System/Library/Frameworks/SystemConfiguration.framework; sourceTree = SDKROOT; };
		1AE0AEDE1B65DD880011AEAA /* libz.tbd */ = {isa = PBXFileReference; lastKnownFileType = "sourcecode.text-based-dylib-definition"; name = libz.tbd; path = usr/lib/libz.tbd; sourceTree = SDKROOT; };
		1AE0AEE01B65DE3D0011AEAA /* libz.1.dylib */ = {isa = PBXFileReference; lastKnownFileType = "compiled.mach-o.dylib"; name = libz.1.dylib; path = ../../../../usr/lib/libz.1.dylib; sourceTree = "<group>"; };
		1AE0AEE21B65DE660011AEAA /* libsqlite3.tbd */ = {isa = PBXFileReference; lastKnownFileType = "sourcecode.text-based-dylib-definition"; name = libsqlite3.tbd; path = usr/lib/libsqlite3.tbd; sourceTree = SDKROOT; };
		1AE841A61B54C34D004BBE03 /* UITextView+Placeholder.h */ = {isa = PBXFileReference; fileEncoding = 4; lastKnownFileType = sourcecode.c.h; path = "UITextView+Placeholder.h"; sourceTree = "<group>"; };
		1AE841A71B54C34D004BBE03 /* UITextView+Placeholder.m */ = {isa = PBXFileReference; fileEncoding = 4; lastKnownFileType = sourcecode.c.objc; path = "UITextView+Placeholder.m"; sourceTree = "<group>"; };
		1AF48CE41B4629A8005A158A /* Main.storyboard */ = {isa = PBXFileReference; fileEncoding = 4; lastKnownFileType = file.storyboard; path = Main.storyboard; sourceTree = "<group>"; };
		1AF48CE81B462AB0005A158A /* MainViewController.h */ = {isa = PBXFileReference; fileEncoding = 4; lastKnownFileType = sourcecode.c.h; path = MainViewController.h; sourceTree = "<group>"; };
		1AF48CE91B462AB0005A158A /* MainViewController.m */ = {isa = PBXFileReference; fileEncoding = 4; lastKnownFileType = sourcecode.c.objc; path = MainViewController.m; sourceTree = "<group>"; };
		1AF48CEC1B462AB0005A158A /* PhotoViewController.h */ = {isa = PBXFileReference; fileEncoding = 4; lastKnownFileType = sourcecode.c.h; path = PhotoViewController.h; sourceTree = "<group>"; };
		1AF48CED1B462AB0005A158A /* PhotoViewController.m */ = {isa = PBXFileReference; fileEncoding = 4; lastKnownFileType = sourcecode.c.objc; path = PhotoViewController.m; sourceTree = "<group>"; };
		1AF9D1F41B5228EA00509C2D /* ResetViewController.h */ = {isa = PBXFileReference; fileEncoding = 4; lastKnownFileType = sourcecode.c.h; path = ResetViewController.h; sourceTree = "<group>"; };
		1AF9D1F51B5228EA00509C2D /* ResetViewController.m */ = {isa = PBXFileReference; fileEncoding = 4; lastKnownFileType = sourcecode.c.objc; path = ResetViewController.m; sourceTree = "<group>"; };
		1AFAD78E1BAD99550097090F /* Hourglass.png */ = {isa = PBXFileReference; lastKnownFileType = image.png; path = Hourglass.png; sourceTree = "<group>"; };
		1AFAD7921BAE073A0097090F /* DaysViewController.h */ = {isa = PBXFileReference; fileEncoding = 4; lastKnownFileType = sourcecode.c.h; path = DaysViewController.h; sourceTree = "<group>"; };
		1AFAD7931BAE073A0097090F /* DaysViewController.m */ = {isa = PBXFileReference; fileEncoding = 4; lastKnownFileType = sourcecode.c.objc; path = DaysViewController.m; sourceTree = "<group>"; };
		1AFD53261B575F8600D4D7FF /* check.png */ = {isa = PBXFileReference; lastKnownFileType = image.png; path = check.png; sourceTree = "<group>"; };
		6B2C83571751107700BC04FB /* Passerby.app */ = {isa = PBXFileReference; explicitFileType = wrapper.application; includeInIndex = 0; path = Passerby.app; sourceTree = BUILT_PRODUCTS_DIR; };
		6B2C835A1751107700BC04FB /* UIKit.framework */ = {isa = PBXFileReference; lastKnownFileType = wrapper.framework; name = UIKit.framework; path = System/Library/Frameworks/UIKit.framework; sourceTree = SDKROOT; };
		6B2C835C1751107700BC04FB /* Foundation.framework */ = {isa = PBXFileReference; lastKnownFileType = wrapper.framework; name = Foundation.framework; path = System/Library/Frameworks/Foundation.framework; sourceTree = SDKROOT; };
		6B2C835E1751107700BC04FB /* CoreGraphics.framework */ = {isa = PBXFileReference; lastKnownFileType = wrapper.framework; name = CoreGraphics.framework; path = System/Library/Frameworks/CoreGraphics.framework; sourceTree = SDKROOT; };
		6B2C83621751107700BC04FB /* FlatDatePicker-Info.plist */ = {isa = PBXFileReference; lastKnownFileType = text.plist.xml; path = "FlatDatePicker-Info.plist"; sourceTree = "<group>"; };
		6B2C83641751107700BC04FB /* en */ = {isa = PBXFileReference; lastKnownFileType = text.plist.strings; name = en; path = en.lproj/InfoPlist.strings; sourceTree = "<group>"; };
		6B2C83661751107700BC04FB /* main.m */ = {isa = PBXFileReference; lastKnownFileType = sourcecode.c.objc; path = main.m; sourceTree = "<group>"; };
		6B2C83691751107700BC04FB /* AppDelegate.h */ = {isa = PBXFileReference; lastKnownFileType = sourcecode.c.h; path = AppDelegate.h; sourceTree = "<group>"; };
		6B2C836A1751107700BC04FB /* AppDelegate.m */ = {isa = PBXFileReference; lastKnownFileType = sourcecode.c.objc; path = AppDelegate.m; sourceTree = "<group>"; };
		6B2C836C1751107700BC04FB /* Default.png */ = {isa = PBXFileReference; lastKnownFileType = image.png; path = Default.png; sourceTree = "<group>"; };
		6B2C836E1751107700BC04FB /* Default@2x.png */ = {isa = PBXFileReference; lastKnownFileType = image.png; path = "Default@2x.png"; sourceTree = "<group>"; };
		6B2C83701751107700BC04FB /* Default-568h@2x.png */ = {isa = PBXFileReference; lastKnownFileType = image.png; path = "Default-568h@2x.png"; sourceTree = "<group>"; };
		6B2C83721751107700BC04FB /* ViewController.h */ = {isa = PBXFileReference; lastKnownFileType = sourcecode.c.h; path = ViewController.h; sourceTree = "<group>"; };
		6B2C83731751107700BC04FB /* ViewController.m */ = {isa = PBXFileReference; lastKnownFileType = sourcecode.c.objc; path = ViewController.m; sourceTree = "<group>"; };
		6BB019931751257B00643F6D /* FlatDatePicker-Icon-Close.png */ = {isa = PBXFileReference; lastKnownFileType = image.png; path = "FlatDatePicker-Icon-Close.png"; sourceTree = "<group>"; };
		6BB019941751257B00643F6D /* FlatDatePicker-Icon-Check.png */ = {isa = PBXFileReference; lastKnownFileType = image.png; path = "FlatDatePicker-Icon-Check.png"; sourceTree = "<group>"; };
		6BB019951751257B00643F6D /* FlatDatePicker-Icon-Check@2x.png */ = {isa = PBXFileReference; lastKnownFileType = image.png; path = "FlatDatePicker-Icon-Check@2x.png"; sourceTree = "<group>"; };
		6BB019961751257B00643F6D /* FlatDatePicker-Icon-Close@2x.png */ = {isa = PBXFileReference; lastKnownFileType = image.png; path = "FlatDatePicker-Icon-Close@2x.png"; sourceTree = "<group>"; };
/* End PBXFileReference section */

/* Begin PBXFrameworksBuildPhase section */
		6B2C83541751107700BC04FB /* Frameworks */ = {
			isa = PBXFrameworksBuildPhase;
			buildActionMask = 2147483647;
			files = (
				1AE0AEE31B65DE660011AEAA /* libsqlite3.tbd in Frameworks */,
				1AE0AEE11B65DE3D0011AEAA /* libz.1.dylib in Frameworks */,
				1AE0AEDD1B65DD6E0011AEAA /* SystemConfiguration.framework in Frameworks */,
				1AE0AEDB1B65DD620011AEAA /* StoreKit.framework in Frameworks */,
				1AE0AED91B65DD590011AEAA /* Security.framework in Frameworks */,
				1AE0AED71B65DD4C0011AEAA /* CoreLocation.framework in Frameworks */,
				1AE0AED51B65DD390011AEAA /* CFNetwork.framework in Frameworks */,
				1AE0AED31B65DD250011AEAA /* AudioToolbox.framework in Frameworks */,
				1AE0AECC1B65DC4B0011AEAA /* Bolts.framework in Frameworks */,
				1ABB66DD1B4E354C000DEFEA /* QuartzCore.framework in Frameworks */,
				1AE0AED11B65DC4B0011AEAA /* ParseUI.framework in Frameworks */,
				6B2C835B1751107700BC04FB /* UIKit.framework in Frameworks */,
				6B2C835D1751107700BC04FB /* Foundation.framework in Frameworks */,
				1AE0AECD1B65DC4B0011AEAA /* Parse.framework in Frameworks */,
				1AE0AED01B65DC4B0011AEAA /* ParseFacebookUtilsV4.framework in Frameworks */,
				1AE0AECE1B65DC4B0011AEAA /* ParseCrashReporting.framework in Frameworks */,
				1AE0AECF1B65DC4B0011AEAA /* ParseFacebookUtils.framework in Frameworks */,
				6B2C835F1751107700BC04FB /* CoreGraphics.framework in Frameworks */,
			);
			runOnlyForDeploymentPostprocessing = 0;
		};
/* End PBXFrameworksBuildPhase section */

/* Begin PBXGroup section */
		1A07A4E01BAC5A1E00E2AD4D /* RAMAnimatedTabBarController */ = {
			isa = PBXGroup;
			children = (
				1A07A4E11BAC5A1E00E2AD4D /* Animations */,
				1A07A4EC1BAC5A1E00E2AD4D /* RAMAnimatedTabBarController.swift */,
				1A07A4ED1BAC5A1E00E2AD4D /* RAMItemAnimationProtocol.swift */,
			);
			path = RAMAnimatedTabBarController;
			sourceTree = "<group>";
		};
		1A07A4E11BAC5A1E00E2AD4D /* Animations */ = {
			isa = PBXGroup;
			children = (
				1A07A4E21BAC5A1E00E2AD4D /* BounceAnimation */,
				1A07A4E41BAC5A1E00E2AD4D /* FrameAnimation */,
				1A07A4E61BAC5A1E00E2AD4D /* FumeAnimation */,
				1A07A4E81BAC5A1E00E2AD4D /* RotationAnimation */,
				1A07A4EA1BAC5A1E00E2AD4D /* TransitionAniamtions */,
			);
			path = Animations;
			sourceTree = "<group>";
		};
		1A07A4E21BAC5A1E00E2AD4D /* BounceAnimation */ = {
			isa = PBXGroup;
			children = (
				1A07A4E31BAC5A1E00E2AD4D /* RAMBounceAnimation.swift */,
			);
			path = BounceAnimation;
			sourceTree = "<group>";
		};
		1A07A4E41BAC5A1E00E2AD4D /* FrameAnimation */ = {
			isa = PBXGroup;
			children = (
				1A07A4E51BAC5A1E00E2AD4D /* RAMFrameItemAnimation.swift */,
			);
			path = FrameAnimation;
			sourceTree = "<group>";
		};
		1A07A4E61BAC5A1E00E2AD4D /* FumeAnimation */ = {
			isa = PBXGroup;
			children = (
				1A07A4E71BAC5A1E00E2AD4D /* RAMFumeAnimation.swift */,
			);
			path = FumeAnimation;
			sourceTree = "<group>";
		};
		1A07A4E81BAC5A1E00E2AD4D /* RotationAnimation */ = {
			isa = PBXGroup;
			children = (
				1A07A4E91BAC5A1E00E2AD4D /* RAMRotationAnimation.swift */,
			);
			path = RotationAnimation;
			sourceTree = "<group>";
		};
		1A07A4EA1BAC5A1E00E2AD4D /* TransitionAniamtions */ = {
			isa = PBXGroup;
			children = (
				1A07A4EB1BAC5A1E00E2AD4D /* RAMTransitionItemAnimation.swift */,
			);
			path = TransitionAniamtions;
			sourceTree = "<group>";
		};
		1A07D27A1B59F3B100A80B12 /* DZNEmptyDataSet */ = {
			isa = PBXGroup;
			children = (
				1A07D27B1B59F3B100A80B12 /* UIScrollView+EmptyDataSet.h */,
				1A07D27C1B59F3B100A80B12 /* UIScrollView+EmptyDataSet.m */,
			);
			path = DZNEmptyDataSet;
			sourceTree = "<group>";
		};
		1A38C5C11B49F27F00EB3B5F /* AnalogClockWithImages */ = {
			isa = PBXGroup;
			children = (
				1AD8B3A21B50D3A9003D0E47 /* clock_second_hand.png */,
				1AD8B3A31B50D3A9003D0E47 /* clock_minute_hand.png */,
				1AD8B3A41B50D3A9003D0E47 /* clock_hour_hand.png */,
				1AD8B3A51B50D3A9003D0E47 /* clock_face.png */,
				1AD8B3A61B50D3A9003D0E47 /* clock_centre_point.png */,
				1A38C5C71B49F27F00EB3B5F /* PSAnalogClockView.h */,
				1A38C5C81B49F27F00EB3B5F /* PSAnalogClockView.m */,
			);
			path = AnalogClockWithImages;
			sourceTree = "<group>";
		};
		1ADB9BC51B4619FD008C96E5 /* fonts */ = {
			isa = PBXGroup;
			children = (
				1ADB9BC61B461A0B008C96E5 /* din-light.ttf */,
				1ADB9BC71B461A0B008C96E5 /* DIN.ttf */,
			);
			name = fonts;
			sourceTree = "<group>";
		};
		1ADB9BCE1B461DBB008C96E5 /* imgs */ = {
			isa = PBXGroup;
			children = (
				1A6AED491BAE42F4006BEAA8 /* cal.png */,
				1AFAD78E1BAD99550097090F /* Hourglass.png */,
				1A17C4501BACFD1F00D337F4 /* checkfilled.png */,
				1A17C4521BACFE3600D337F4 /* listfilled.png */,
				1A07D2861B5A113300A80B12 /* timer.png */,
				1AFD53261B575F8600D4D7FF /* check.png */,
				1A8DE60A1B5AEDAA0031E6D0 /* todo.png */,
				1ADB9BD31B461DC3008C96E5 /* menu.png */,
				1ADB9BD41B461DC3008C96E5 /* menu@2x.png */,
				1AB3BDE91B4F7C99007279FE /* user.png */,
				1A17C44C1BACF9D200D337F4 /* user2.png */,
				1A477E5E1B53EE3800D2D6BD /* cancel.png */,
				1A8DE60F1B5AF7330031E6D0 /* list.png */,
				1A8DE6111B5B02960031E6D0 /* delete.png */,
				1A8DE6031B5A80BE0031E6D0 /* days.png */,
				1A07D2761B59A51000A80B12 /* back.png */,
				1A8DE6051B5A964F0031E6D0 /* undo.png */,
				1A07D2781B59B6EA00A80B12 /* save.png */,
				1A6AED471BAE419F006BEAA8 /* edit.png */,
			);
			name = imgs;
			sourceTree = "<group>";
		};
		1ADB9BE51B461DDF008C96E5 /* SWRevealViewController */ = {
			isa = PBXGroup;
			children = (
				1ADB9BE61B461DDF008C96E5 /* SWRevealViewController.h */,
				1ADB9BE71B461DDF008C96E5 /* SWRevealViewController.m */,
			);
			path = SWRevealViewController;
			sourceTree = "<group>";
		};
		1AE0AEC51B65DC4B0011AEAA /* parse-library-1.7.5 */ = {
			isa = PBXGroup;
			children = (
				1AE0AEC61B65DC4B0011AEAA /* Bolts.framework */,
				1AE0AEC71B65DC4B0011AEAA /* Parse.framework */,
				1AE0AEC81B65DC4B0011AEAA /* ParseCrashReporting.framework */,
				1AE0AEC91B65DC4B0011AEAA /* ParseFacebookUtils.framework */,
				1AE0AECA1B65DC4B0011AEAA /* ParseFacebookUtilsV4.framework */,
				1AE0AECB1B65DC4B0011AEAA /* ParseUI.framework */,
			);
			path = "parse-library-1.7.5";
			sourceTree = "<group>";
		};
		1AE841A51B54C34D004BBE03 /* UITextView+Placeholder */ = {
			isa = PBXGroup;
			children = (
				1AE841A61B54C34D004BBE03 /* UITextView+Placeholder.h */,
				1AE841A71B54C34D004BBE03 /* UITextView+Placeholder.m */,
			);
			path = "UITextView+Placeholder";
			sourceTree = "<group>";
		};
		1AF9D1F71B52BF4F00509C2D /* res */ = {
			isa = PBXGroup;
			children = (
				1ADB9BCE1B461DBB008C96E5 /* imgs */,
				1ADB9BC51B4619FD008C96E5 /* fonts */,
			);
			name = res;
			sourceTree = "<group>";
		};
		6B2C834E1751107700BC04FB = {
			isa = PBXGroup;
			children = (
				6B2C83601751107700BC04FB /* Passerby */,
				6B2C83591751107700BC04FB /* Frameworks */,
				6B2C83581751107700BC04FB /* Products */,
			);
			sourceTree = "<group>";
		};
		6B2C83581751107700BC04FB /* Products */ = {
			isa = PBXGroup;
			children = (
				6B2C83571751107700BC04FB /* Passerby.app */,
			);
			name = Products;
			sourceTree = "<group>";
		};
		6B2C83591751107700BC04FB /* Frameworks */ = {
			isa = PBXGroup;
			children = (
				1AE0AEE21B65DE660011AEAA /* libsqlite3.tbd */,
				1AE0AEE01B65DE3D0011AEAA /* libz.1.dylib */,
				1AE0AEDE1B65DD880011AEAA /* libz.tbd */,
				1AE0AEDC1B65DD6E0011AEAA /* SystemConfiguration.framework */,
				1AE0AEDA1B65DD620011AEAA /* StoreKit.framework */,
				1AE0AED81B65DD590011AEAA /* Security.framework */,
				1AE0AED61B65DD4C0011AEAA /* CoreLocation.framework */,
				1AE0AED41B65DD390011AEAA /* CFNetwork.framework */,
				1AE0AED21B65DD250011AEAA /* AudioToolbox.framework */,
				1AE0AEC51B65DC4B0011AEAA /* parse-library-1.7.5 */,
				1ABB66DC1B4E354C000DEFEA /* QuartzCore.framework */,
				6B2C835A1751107700BC04FB /* UIKit.framework */,
				6B2C835C1751107700BC04FB /* Foundation.framework */,
				6B2C835E1751107700BC04FB /* CoreGraphics.framework */,
			);
			name = Frameworks;
			sourceTree = "<group>";
		};
		6B2C83601751107700BC04FB /* Passerby */ = {
			isa = PBXGroup;
			children = (
				1AF9D1F71B52BF4F00509C2D /* res */,
				6B2C83691751107700BC04FB /* AppDelegate.h */,
				6B2C836A1751107700BC04FB /* AppDelegate.m */,
				1A97B04A1B51C9C3006FC7C7 /* ListEntries.h */,
				1A97B04B1B51C9C3006FC7C7 /* ListEntries.m */,
				1A97B04D1B51CC38006FC7C7 /* ListEntry.h */,
				1A97B04E1B51CC38006FC7C7 /* ListEntry.m */,
				6B2C83721751107700BC04FB /* ViewController.h */,
				6B2C83731751107700BC04FB /* ViewController.m */,
				1AF48CE81B462AB0005A158A /* MainViewController.h */,
				1AF48CE91B462AB0005A158A /* MainViewController.m */,
				1A45B26A1B4ACD8200196E3C /* LifeViewController.h */,
				1A45B26B1B4ACD8200196E3C /* LifeViewController.m */,
				1AFAD7921BAE073A0097090F /* DaysViewController.h */,
				1AFAD7931BAE073A0097090F /* DaysViewController.m */,
				1A310C981B5F413400C917C5 /* launch.xib */,
				1AF48CEC1B462AB0005A158A /* PhotoViewController.h */,
				1AF48CED1B462AB0005A158A /* PhotoViewController.m */,
				1A8DE6071B5ADEE80031E6D0 /* PhotoViewController2.h */,
				1A8DE6081B5ADEE80031E6D0 /* PhotoViewController2.m */,
				1AD8B39F1B50C9DC003D0E47 /* DetailViewController.h */,
				1AD8B3A01B50C9DC003D0E47 /* DetailViewController.m */,
				1AF9D1F41B5228EA00509C2D /* ResetViewController.h */,
				1AF9D1F51B5228EA00509C2D /* ResetViewController.m */,
				1A8DE60C1B5AF1CF0031E6D0 /* tabbarViewController.h */,
				1A8DE60D1B5AF1CF0031E6D0 /* tabbarViewController.m */,
				1AF48CE41B4629A8005A158A /* Main.storyboard */,
				6B2C83611751107700BC04FB /* Supporting Files */,
				1A4155AD1B47774800F33DDE /* Images.xcassets */,
			);
			name = Passerby;
			path = FlatDatePicker;
			sourceTree = "<group>";
		};
		6B2C83611751107700BC04FB /* Supporting Files */ = {
			isa = PBXGroup;
			children = (
				1A07A4E01BAC5A1E00E2AD4D /* RAMAnimatedTabBarController */,
				1A07A4891BABBBE400E2AD4D /* MBProgressHUD.h */,
				1A07A48A1BABBBE400E2AD4D /* MBProgressHUD.m */,
				1A07D27A1B59F3B100A80B12 /* DZNEmptyDataSet */,
				1AE841A51B54C34D004BBE03 /* UITextView+Placeholder */,
				1A38C5C11B49F27F00EB3B5F /* AnalogClockWithImages */,
				1ADB9BE51B461DDF008C96E5 /* SWRevealViewController */,
				6B2C83621751107700BC04FB /* FlatDatePicker-Info.plist */,
				6B2C837D1751111B00BC04FB /* FlatDatePicker */,
				6B2C83631751107700BC04FB /* InfoPlist.strings */,
				6B2C83661751107700BC04FB /* main.m */,
				6B2C836C1751107700BC04FB /* Default.png */,
				1ADB9BC41B46194D008C96E5 /* FlatDatePicker-Prefix.pch */,
				6B2C836E1751107700BC04FB /* Default@2x.png */,
				6B2C83701751107700BC04FB /* Default-568h@2x.png */,
			);
			name = "Supporting Files";
			sourceTree = "<group>";
		};
		6B2C837D1751111B00BC04FB /* FlatDatePicker */ = {
			isa = PBXGroup;
			children = (
				1AD5C49F1B55CB1D008490E5 /* SSFlatDatePicker.h */,
				1AD5C4A01B55CB1D008490E5 /* SSFlatDatePicker.m */,
				6BB019931751257B00643F6D /* FlatDatePicker-Icon-Close.png */,
				6BB019941751257B00643F6D /* FlatDatePicker-Icon-Check.png */,
				6BB019951751257B00643F6D /* FlatDatePicker-Icon-Check@2x.png */,
				6BB019961751257B00643F6D /* FlatDatePicker-Icon-Close@2x.png */,
			);
			path = FlatDatePicker;
			sourceTree = "<group>";
		};
/* End PBXGroup section */

/* Begin PBXNativeTarget section */
		6B2C83561751107700BC04FB /* Passerby */ = {
			isa = PBXNativeTarget;
			buildConfigurationList = 6B2C837A1751107700BC04FB /* Build configuration list for PBXNativeTarget "Passerby" */;
			buildPhases = (
				6B2C83531751107700BC04FB /* Sources */,
				6B2C83541751107700BC04FB /* Frameworks */,
				6B2C83551751107700BC04FB /* Resources */,
			);
			buildRules = (
			);
			dependencies = (
			);
			name = Passerby;
			productName = FlatDatePicker;
			productReference = 6B2C83571751107700BC04FB /* Passerby.app */;
			productType = "com.apple.product-type.application";
		};
/* End PBXNativeTarget section */

/* Begin PBXProject section */
		6B2C834F1751107700BC04FB /* Project object */ = {
			isa = PBXProject;
			attributes = {
				LastUpgradeCheck = 0700;
				ORGANIZATIONNAME = "James Dong";
				TargetAttributes = {
					6B2C83561751107700BC04FB = {
						DevelopmentTeam = V76RB4U98E;
					};
				};
			};
			buildConfigurationList = 6B2C83521751107700BC04FB /* Build configuration list for PBXProject "Passerby" */;
			compatibilityVersion = "Xcode 6.3";
			developmentRegion = English;
			hasScannedForEncodings = 0;
			knownRegions = (
				en,
			);
			mainGroup = 6B2C834E1751107700BC04FB;
			productRefGroup = 6B2C83581751107700BC04FB /* Products */;
			projectDirPath = "";
			projectRoot = "";
			targets = (
				6B2C83561751107700BC04FB /* Passerby */,
			);
		};
/* End PBXProject section */

/* Begin PBXResourcesBuildPhase section */
		6B2C83551751107700BC04FB /* Resources */ = {
			isa = PBXResourcesBuildPhase;
			buildActionMask = 2147483647;
			files = (
				1ADB9BC81B461A17008C96E5 /* din-light.ttf in Resources */,
				1A4155AE1B47774800F33DDE /* Images.xcassets in Resources */,
				1AD8B3A71B50D3A9003D0E47 /* clock_second_hand.png in Resources */,
				1AD8B3A91B50D3A9003D0E47 /* clock_hour_hand.png in Resources */,
				1AD8B3A81B50D3A9003D0E47 /* clock_minute_hand.png in Resources */,
				1A07D2871B5A113300A80B12 /* timer.png in Resources */,
				1ADB9BC91B461A17008C96E5 /* DIN.ttf in Resources */,
				1A17C4511BACFD1F00D337F4 /* checkfilled.png in Resources */,
				1ADB9BDE1B461DC3008C96E5 /* menu.png in Resources */,
				6B2C83651751107700BC04FB /* InfoPlist.strings in Resources */,
				6B2C836D1751107700BC04FB /* Default.png in Resources */,
				1AFAD78F1BAD99550097090F /* Hourglass.png in Resources */,
				1A8DE60B1B5AEDAA0031E6D0 /* todo.png in Resources */,
				6B2C836F1751107700BC04FB /* Default@2x.png in Resources */,
				1A07D2771B59A51000A80B12 /* back.png in Resources */,
				1AF48CE51B4629A8005A158A /* Main.storyboard in Resources */,
				1AD8B3AA1B50D3A9003D0E47 /* clock_face.png in Resources */,
				1A8DE6121B5B02960031E6D0 /* delete.png in Resources */,
				1AB3BDEA1B4F7C99007279FE /* user.png in Resources */,
				1A8DE6061B5A964F0031E6D0 /* undo.png in Resources */,
				1A6AED481BAE419F006BEAA8 /* edit.png in Resources */,
				1A477E5F1B53EE3800D2D6BD /* cancel.png in Resources */,
				6B2C83711751107700BC04FB /* Default-568h@2x.png in Resources */,
				1ADB9BDF1B461DC3008C96E5 /* menu@2x.png in Resources */,
				1A310C991B5F413400C917C5 /* launch.xib in Resources */,
				1A8DE6041B5A80BE0031E6D0 /* days.png in Resources */,
				1AFD53271B575F8600D4D7FF /* check.png in Resources */,
				1A17C4531BACFE3600D337F4 /* listfilled.png in Resources */,
				1A17C44D1BACF9D200D337F4 /* user2.png in Resources */,
				1A6AED4A1BAE42F4006BEAA8 /* cal.png in Resources */,
				6BB019971751257B00643F6D /* FlatDatePicker-Icon-Close.png in Resources */,
				6BB019981751257B00643F6D /* FlatDatePicker-Icon-Check.png in Resources */,
				1A07D2791B59B6EA00A80B12 /* save.png in Resources */,
				1A8DE6101B5AF7330031E6D0 /* list.png in Resources */,
				6BB019991751257B00643F6D /* FlatDatePicker-Icon-Check@2x.png in Resources */,
				1AD8B3AB1B50D3A9003D0E47 /* clock_centre_point.png in Resources */,
				6BB0199A1751257B00643F6D /* FlatDatePicker-Icon-Close@2x.png in Resources */,
			);
			runOnlyForDeploymentPostprocessing = 0;
		};
/* End PBXResourcesBuildPhase section */

/* Begin PBXSourcesBuildPhase section */
		6B2C83531751107700BC04FB /* Sources */ = {
			isa = PBXSourcesBuildPhase;
			buildActionMask = 2147483647;
			files = (
				1AF9D1F61B5228EA00509C2D /* ResetViewController.m in Sources */,
				1A97B04C1B51C9C3006FC7C7 /* ListEntries.m in Sources */,
				1A8DE6091B5ADEE80031E6D0 /* PhotoViewController2.m in Sources */,
				1A38C5CE1B49F27F00EB3B5F /* PSAnalogClockView.m in Sources */,
				1A07A4EF1BAC5A1E00E2AD4D /* RAMFrameItemAnimation.swift in Sources */,
				1AE841A81B54C34D004BBE03 /* UITextView+Placeholder.m in Sources */,
				1AD5C4A11B55CB1D008490E5 /* SSFlatDatePicker.m in Sources */,
				6B2C83671751107700BC04FB /* main.m in Sources */,
				1A07A4EE1BAC5A1E00E2AD4D /* RAMBounceAnimation.swift in Sources */,
				1A07A48B1BABBBE400E2AD4D /* MBProgressHUD.m in Sources */,
				1A07A4F21BAC5A1E00E2AD4D /* RAMTransitionItemAnimation.swift in Sources */,
				1A07A4F31BAC5A1E00E2AD4D /* RAMAnimatedTabBarController.swift in Sources */,
				1A45B26C1B4ACD8200196E3C /* LifeViewController.m in Sources */,
				1AF48CF21B462AB0005A158A /* PhotoViewController.m in Sources */,
				1A07A4F41BAC5A1E00E2AD4D /* RAMItemAnimationProtocol.swift in Sources */,
				1AF48CF01B462AB0005A158A /* MainViewController.m in Sources */,
				6B2C836B1751107700BC04FB /* AppDelegate.m in Sources */,
				1ADB9BE81B461DDF008C96E5 /* SWRevealViewController.m in Sources */,
				1A8DE60E1B5AF1CF0031E6D0 /* tabbarViewController.m in Sources */,
				1AD8B3A11B50C9DC003D0E47 /* DetailViewController.m in Sources */,
				6B2C83741751107700BC04FB /* ViewController.m in Sources */,
				1A07D27D1B59F3B100A80B12 /* UIScrollView+EmptyDataSet.m in Sources */,
				1A97B04F1B51CC38006FC7C7 /* ListEntry.m in Sources */,
				1A07A4F01BAC5A1E00E2AD4D /* RAMFumeAnimation.swift in Sources */,
				1A07A4F11BAC5A1E00E2AD4D /* RAMRotationAnimation.swift in Sources */,
				1AFAD7941BAE073A0097090F /* DaysViewController.m in Sources */,
			);
			runOnlyForDeploymentPostprocessing = 0;
		};
/* End PBXSourcesBuildPhase section */

/* Begin PBXVariantGroup section */
		6B2C83631751107700BC04FB /* InfoPlist.strings */ = {
			isa = PBXVariantGroup;
			children = (
				6B2C83641751107700BC04FB /* en */,
			);
			name = InfoPlist.strings;
			sourceTree = "<group>";
		};
/* End PBXVariantGroup section */

/* Begin XCBuildConfiguration section */
		6B2C83781751107700BC04FB /* Debug */ = {
			isa = XCBuildConfiguration;
			buildSettings = {
				ALWAYS_SEARCH_USER_PATHS = NO;
				CLANG_CXX_LANGUAGE_STANDARD = "gnu++0x";
				CLANG_CXX_LIBRARY = "libc++";
				CLANG_ENABLE_OBJC_ARC = YES;
				CLANG_WARN_CONSTANT_CONVERSION = YES;
				CLANG_WARN_EMPTY_BODY = YES;
				CLANG_WARN_ENUM_CONVERSION = YES;
				CLANG_WARN_INT_CONVERSION = YES;
				CLANG_WARN__DUPLICATE_METHOD_MATCH = YES;
				CODE_SIGN_IDENTITY = "Apple Development IOS Push Services: com.app.KingJ.Passerby";
				"CODE_SIGN_IDENTITY[sdk=iphoneos*]" = "Apple Development IOS Push Services: com.app.KingJ.Passerby";
				COPY_PHASE_STRIP = NO;
				ENABLE_TESTABILITY = YES;
				GCC_C_LANGUAGE_STANDARD = gnu99;
				GCC_DYNAMIC_NO_PIC = NO;
				GCC_OPTIMIZATION_LEVEL = 0;
				GCC_PREPROCESSOR_DEFINITIONS = (
					"DEBUG=1",
					"$(inherited)",
				);
				GCC_SYMBOLS_PRIVATE_EXTERN = NO;
				GCC_WARN_ABOUT_RETURN_TYPE = YES;
				GCC_WARN_UNINITIALIZED_AUTOS = YES;
				GCC_WARN_UNUSED_VARIABLE = YES;
				IPHONEOS_DEPLOYMENT_TARGET = 7.0;
				ONLY_ACTIVE_ARCH = YES;
				SDKROOT = iphoneos;
			};
			name = Debug;
		};
		6B2C83791751107700BC04FB /* Release */ = {
			isa = XCBuildConfiguration;
			buildSettings = {
				ALWAYS_SEARCH_USER_PATHS = NO;
				CLANG_CXX_LANGUAGE_STANDARD = "gnu++0x";
				CLANG_CXX_LIBRARY = "libc++";
				CLANG_ENABLE_OBJC_ARC = YES;
				CLANG_WARN_CONSTANT_CONVERSION = YES;
				CLANG_WARN_EMPTY_BODY = YES;
				CLANG_WARN_ENUM_CONVERSION = YES;
				CLANG_WARN_INT_CONVERSION = YES;
				CLANG_WARN__DUPLICATE_METHOD_MATCH = YES;
				CODE_SIGN_IDENTITY = "Apple Development IOS Push Services: com.app.KingJ.Passerby";
				"CODE_SIGN_IDENTITY[sdk=iphoneos*]" = "Apple Development IOS Push Services: com.app.KingJ.Passerby";
				COPY_PHASE_STRIP = YES;
				GCC_C_LANGUAGE_STANDARD = gnu99;
				GCC_WARN_ABOUT_RETURN_TYPE = YES;
				GCC_WARN_UNINITIALIZED_AUTOS = YES;
				GCC_WARN_UNUSED_VARIABLE = YES;
				IPHONEOS_DEPLOYMENT_TARGET = 7.0;
				OTHER_CFLAGS = "-DNS_BLOCK_ASSERTIONS=1";
				SDKROOT = iphoneos;
				VALIDATE_PRODUCT = YES;
			};
			name = Release;
		};
		6B2C837B1751107700BC04FB /* Debug */ = {
			isa = XCBuildConfiguration;
			buildSettings = {
				ASSETCATALOG_COMPILER_APPICON_NAME = AppIcon;
				CODE_SIGN_IDENTITY = "iPhone Developer";
				"CODE_SIGN_IDENTITY[sdk=iphoneos*]" = "iPhone Developer";
				DEFINES_MODULE = YES;
				EMBEDDED_CONTENT_CONTAINS_SWIFT = YES;
				ENABLE_BITCODE = NO;
				FRAMEWORK_SEARCH_PATHS = (
					"$(inherited)",
					"$(PROJECT_DIR)/parse-library-1.7.5",
				);
				GCC_PRECOMPILE_PREFIX_HEADER = YES;
				GCC_PREFIX_HEADER = "FlatDatePicker/FlatDatePicker-Prefix.pch";
				INFOPLIST_FILE = "FlatDatePicker/FlatDatePicker-Info.plist";
				IPHONEOS_DEPLOYMENT_TARGET = 7.0;
				LD_RUNPATH_SEARCH_PATHS = "@executable_path/Frameworks";
				PRODUCT_BUNDLE_IDENTIFIER = com.apps.KingJ.Passerby;
				PRODUCT_NAME = Passerby;
				PROVISIONING_PROFILE = "";
				WRAPPER_EXTENSION = app;
			};
			name = Debug;
		};
		6B2C837C1751107700BC04FB /* Release */ = {
			isa = XCBuildConfiguration;
			buildSettings = {
				ASSETCATALOG_COMPILER_APPICON_NAME = AppIcon;
				CODE_SIGN_IDENTITY = "iPhone Developer";
				"CODE_SIGN_IDENTITY[sdk=iphoneos*]" = "iPhone Developer";
				DEFINES_MODULE = YES;
				EMBEDDED_CONTENT_CONTAINS_SWIFT = YES;
				ENABLE_BITCODE = NO;
				FRAMEWORK_SEARCH_PATHS = (
					"$(inherited)",
					"$(PROJECT_DIR)/parse-library-1.7.5",
				);
				GCC_PRECOMPILE_PREFIX_HEADER = YES;
				GCC_PREFIX_HEADER = "FlatDatePicker/FlatDatePicker-Prefix.pch";
				INFOPLIST_FILE = "FlatDatePicker/FlatDatePicker-Info.plist";
				IPHONEOS_DEPLOYMENT_TARGET = 7.0;
				LD_RUNPATH_SEARCH_PATHS = "@executable_path/Frameworks";
				PRODUCT_BUNDLE_IDENTIFIER = com.apps.KingJ.Passerby;
				PRODUCT_NAME = Passerby;
				PROVISIONING_PROFILE = "";
				WRAPPER_EXTENSION = app;
			};
			name = Release;
		};
/* End XCBuildConfiguration section */

/* Begin XCConfigurationList section */
		6B2C83521751107700BC04FB /* Build configuration list for PBXProject "Passerby" */ = {
			isa = XCConfigurationList;
			buildConfigurations = (
				6B2C83781751107700BC04FB /* Debug */,
				6B2C83791751107700BC04FB /* Release */,
			);
			defaultConfigurationIsVisible = 0;
			defaultConfigurationName = Release;
		};
		6B2C837A1751107700BC04FB /* Build configuration list for PBXNativeTarget "Passerby" */ = {
			isa = XCConfigurationList;
			buildConfigurations = (
				6B2C837B1751107700BC04FB /* Debug */,
				6B2C837C1751107700BC04FB /* Release */,
			);
			defaultConfigurationIsVisible = 0;
			defaultConfigurationName = Release;
		};
/* End XCConfigurationList section */
	};
	rootObject = 6B2C834F1751107700BC04FB /* Project object */;
}
